
Microsoft Visual Studio Solution File, Format Version 12.00
# Visual Studio Version 17
VisualStudioVersion = 17.14.36414.22
MinimumVisualStudioVersion = 10.0.40219.1
Project("{FAE04EC0-301F-11D3-BF4B-00C04F79EFBC}") = "XisCoreSensors", "XisCoreSensors.csproj", "{D3158FD0-2337-4553-95AF-DEF75E33652A}"
EndProject
Global
	GlobalSection(SolutionConfigurationPlatforms) = preSolution
		Debug|Any CPU = Debug|Any CPU
		Release|Any CPU = Release|Any CPU
		Release2|Any CPU = Release2|Any CPU
	EndGlobalSection
	GlobalSection(ProjectConfigurationPlatforms) = postSolution
		{D3158FD0-2337-4553-95AF-DEF75E33652A}.Debug|Any CPU.ActiveCfg = Debug|Any CPU
		{D3158FD0-2337-4553-95AF-DEF75E33652A}.Debug|Any CPU.Build.0 = Debug|Any CPU
		{D3158FD0-2337-4553-95AF-DEF75E33652A}.Release|Any CPU.ActiveCfg = Release|Any CPU
		{D3158FD0-2337-4553-95AF-DEF75E33652A}.Release|Any CPU.Build.0 = Release|Any CPU
		{D3158FD0-2337-4553-95AF-DEF75E33652A}.Release2|Any CPU.ActiveCfg = Release2|Any CPU
		{D3158FD0-2337-4553-95AF-DEF75E33652A}.Release2|Any CPU.Build.0 = Release2|Any CPU
	EndGlobalSection
	GlobalSection(SolutionProperties) = preSolution
		HideSolutionNode = FALSE
	EndGlobalSection
	GlobalSection(ExtensibilityGlobals) = postSolution
		SolutionGuid = {50E13053-6122-4F88-A768-3A72C2787FDA}
	EndGlobalSection
EndGlobal
